
Microsoft Visual Studio Solution File, Format Version 12.00
# Visual Studio Version 17
VisualStudioVersion = 17.0.31903.59
MinimumVisualStudioVersion = 10.0.40219.1
Project("{FAE04EC0-301F-11D3-BF4B-00C04F79EFBC}") = "HdiCase.Interfaces", "HdiCase.Interfaces\HdiCase.Interfaces.csproj", "{EB0851C2-921E-49D1-883A-0B984B9341A0}"
EndProject
Project("{FAE04EC0-301F-11D3-BF4B-00C04F79EFBC}") = "HdiCase.Models", "HdiCase.Models\HdiCase.Models.csproj", "{F4E1C57F-E0BE-4682-B98D-EE445295F936}"
EndProject
Project("{FAE04EC0-301F-11D3-BF4B-00C04F79EFBC}") = "HdiCase.Services", "HdiCase.Services\HdiCase.Services.csproj", "{49C956AD-3121-4A7D-BE8E-F04D8024D3FF}"
EndProject
Project("{FAE04EC0-301F-11D3-BF4B-00C04F79EFBC}") = "HdiCase.RestApi", "HdiCase.RestApi\HdiCase.RestApi.csproj", "{D7B36838-7C2E-4412-A148-8D66E4AC50CC}"
EndProject
Global
	GlobalSection(SolutionConfigurationPlatforms) = preSolution
		Debug|Any CPU = Debug|Any CPU
		Release|Any CPU = Release|Any CPU
	EndGlobalSection
	GlobalSection(SolutionProperties) = preSolution
		HideSolutionNode = FALSE
	EndGlobalSection
	GlobalSection(ProjectConfigurationPlatforms) = postSolution
		{EB0851C2-921E-49D1-883A-0B984B9341A0}.Debug|Any CPU.ActiveCfg = Debug|Any CPU
		{EB0851C2-921E-49D1-883A-0B984B9341A0}.Debug|Any CPU.Build.0 = Debug|Any CPU
		{EB0851C2-921E-49D1-883A-0B984B9341A0}.Release|Any CPU.ActiveCfg = Release|Any CPU
		{EB0851C2-921E-49D1-883A-0B984B9341A0}.Release|Any CPU.Build.0 = Release|Any CPU
		{F4E1C57F-E0BE-4682-B98D-EE445295F936}.Debug|Any CPU.ActiveCfg = Debug|Any CPU
		{F4E1C57F-E0BE-4682-B98D-EE445295F936}.Debug|Any CPU.Build.0 = Debug|Any CPU
		{F4E1C57F-E0BE-4682-B98D-EE445295F936}.Release|Any CPU.ActiveCfg = Release|Any CPU
		{F4E1C57F-E0BE-4682-B98D-EE445295F936}.Release|Any CPU.Build.0 = Release|Any CPU
		{49C956AD-3121-4A7D-BE8E-F04D8024D3FF}.Debug|Any CPU.ActiveCfg = Debug|Any CPU
		{49C956AD-3121-4A7D-BE8E-F04D8024D3FF}.Debug|Any CPU.Build.0 = Debug|Any CPU
		{49C956AD-3121-4A7D-BE8E-F04D8024D3FF}.Release|Any CPU.ActiveCfg = Release|Any CPU
		{49C956AD-3121-4A7D-BE8E-F04D8024D3FF}.Release|Any CPU.Build.0 = Release|Any CPU
		{D7B36838-7C2E-4412-A148-8D66E4AC50CC}.Debug|Any CPU.ActiveCfg = Debug|Any CPU
		{D7B36838-7C2E-4412-A148-8D66E4AC50CC}.Debug|Any CPU.Build.0 = Debug|Any CPU
		{D7B36838-7C2E-4412-A148-8D66E4AC50CC}.Release|Any CPU.ActiveCfg = Release|Any CPU
		{D7B36838-7C2E-4412-A148-8D66E4AC50CC}.Release|Any CPU.Build.0 = Release|Any CPU
	EndGlobalSection
EndGlobal
